
Microsoft Visual Studio Solution File, Format Version 12.00
# Visual Studio Version 16
VisualStudioVersion = 16.0.30320.27
MinimumVisualStudioVersion = 10.0.40219.1
Project("{FAE04EC0-301F-11D3-BF4B-00C04F79EFBC}") = "TicTacToeNN", "TicTacToeNN.csproj", "{FDC4761C-AA5F-4105-98CE-152CAB4D4078}"
EndProject
Global
	GlobalSection(SolutionConfigurationPlatforms) = preSolution
		Debug|Any CPU = Debug|Any CPU
		Release|Any CPU = Release|Any CPU
	EndGlobalSection
	GlobalSection(ProjectConfigurationPlatforms) = postSolution
		{FDC4761C-AA5F-4105-98CE-152CAB4D4078}.Debug|Any CPU.ActiveCfg = Debug|Any CPU
		{FDC4761C-AA5F-4105-98CE-152CAB4D4078}.Debug|Any CPU.Build.0 = Debug|Any CPU
		{FDC4761C-AA5F-4105-98CE-152CAB4D4078}.Release|Any CPU.ActiveCfg = Release|Any CPU
		{FDC4761C-AA5F-4105-98CE-152CAB4D4078}.Release|Any CPU.Build.0 = Release|Any CPU
	EndGlobalSection
	GlobalSection(SolutionProperties) = preSolution
		HideSolutionNode = FALSE
	EndGlobalSection
	GlobalSection(ExtensibilityGlobals) = postSolution
		SolutionGuid = {CAB55132-97A5-4F48-BBA3-C739379F9546}
	EndGlobalSection
EndGlobal
